
Microsoft Visual Studio Solution File, Format Version 12.00
# Visual Studio Version 17
VisualStudioVersion = 17.7.34202.233
MinimumVisualStudioVersion = 10.0.40219.1
Project("{9A19103F-16F7-4668-BE54-9A1E7A4F7556}") = "GoAestheticApi", "GoAestheticApi.csproj", "{51053315-622A-4DA7-8FA6-FCDD57ECBB57}"
EndProject
Project("{9A19103F-16F7-4668-BE54-9A1E7A4F7556}") = "GoAestheticNegocio", "..\GoAestheticNegocio\GoAestheticNegocio.csproj", "{C4CFFAFC-159C-4FDD-880B-748F4FF536BF}"
EndProject
Project("{9A19103F-16F7-4668-BE54-9A1E7A4F7556}") = "GoAestheticEntidades", "..\GoAestheticEntidades\GoAestheticEntidades.csproj", "{F7A58FE1-7455-42FD-A3BA-BD44A229AB42}"
EndProject
Project("{9A19103F-16F7-4668-BE54-9A1E7A4F7556}") = "GoAestheticComuns", "..\GoAestheticComuns\GoAestheticComuns.csproj", "{AF872595-C06E-4093-ACB3-896B901669EE}"
EndProject
Global
	GlobalSection(SolutionConfigurationPlatforms) = preSolution
		Debug|Any CPU = Debug|Any CPU
		Release|Any CPU = Release|Any CPU
	EndGlobalSection
	GlobalSection(ProjectConfigurationPlatforms) = postSolution
		{51053315-622A-4DA7-8FA6-FCDD57ECBB57}.Debug|Any CPU.ActiveCfg = Debug|Any CPU
		{51053315-622A-4DA7-8FA6-FCDD57ECBB57}.Debug|Any CPU.Build.0 = Debug|Any CPU
		{51053315-622A-4DA7-8FA6-FCDD57ECBB57}.Release|Any CPU.ActiveCfg = Release|Any CPU
		{51053315-622A-4DA7-8FA6-FCDD57ECBB57}.Release|Any CPU.Build.0 = Release|Any CPU
		{C4CFFAFC-159C-4FDD-880B-748F4FF536BF}.Debug|Any CPU.ActiveCfg = Debug|Any CPU
		{C4CFFAFC-159C-4FDD-880B-748F4FF536BF}.Debug|Any CPU.Build.0 = Debug|Any CPU
		{C4CFFAFC-159C-4FDD-880B-748F4FF536BF}.Release|Any CPU.ActiveCfg = Release|Any CPU
		{C4CFFAFC-159C-4FDD-880B-748F4FF536BF}.Release|Any CPU.Build.0 = Release|Any CPU
		{F7A58FE1-7455-42FD-A3BA-BD44A229AB42}.Debug|Any CPU.ActiveCfg = Debug|Any CPU
		{F7A58FE1-7455-42FD-A3BA-BD44A229AB42}.Debug|Any CPU.Build.0 = Debug|Any CPU
		{F7A58FE1-7455-42FD-A3BA-BD44A229AB42}.Release|Any CPU.ActiveCfg = Release|Any CPU
		{F7A58FE1-7455-42FD-A3BA-BD44A229AB42}.Release|Any CPU.Build.0 = Release|Any CPU
		{AF872595-C06E-4093-ACB3-896B901669EE}.Debug|Any CPU.ActiveCfg = Debug|Any CPU
		{AF872595-C06E-4093-ACB3-896B901669EE}.Debug|Any CPU.Build.0 = Debug|Any CPU
		{AF872595-C06E-4093-ACB3-896B901669EE}.Release|Any CPU.ActiveCfg = Release|Any CPU
		{AF872595-C06E-4093-ACB3-896B901669EE}.Release|Any CPU.Build.0 = Release|Any CPU
	EndGlobalSection
	GlobalSection(SolutionProperties) = preSolution
		HideSolutionNode = FALSE
	EndGlobalSection
	GlobalSection(ExtensibilityGlobals) = postSolution
		SolutionGuid = {4BF8BA39-F4D3-48B7-A1F5-8B90DCD970E7}
	EndGlobalSection
EndGlobal
